
Microsoft Visual Studio Solution File, Format Version 12.00
# Visual Studio 15
VisualStudioVersion = 15.0.27924.0
MinimumVisualStudioVersion = 10.0.40219.1
Project("{2150E333-8FDC-42A3-9474-1A3956D46DE8}") = "Solution Items", "Solution Items", "{3EB00B02-CDB9-4C6F-9D87-BCABD1A3675D}"
	ProjectSection(SolutionItems) = preProject
		..\README.md = ..\README.md
	EndProjectSection
EndProject
Project("{FAE04EC0-301F-11D3-BF4B-00C04F79EFBC}") = "CookBook.Android", "CookBook\CookBook.Android\CookBook.Android.csproj", "{18D70928-0AE9-47C2-95C2-E7E5E08BD9E1}"
EndProject
Project("{FAE04EC0-301F-11D3-BF4B-00C04F79EFBC}") = "CookBook.iOS", "CookBook\CookBook.iOS\CookBook.iOS.csproj", "{BE883AB8-00C0-4900-94A0-07C5F17F4FC3}"
EndProject
Project("{FAE04EC0-301F-11D3-BF4B-00C04F79EFBC}") = "CookBook.UWP", "CookBook\CookBook.UWP\CookBook.UWP.csproj", "{416B9D44-4973-43F6-80E8-DF5A3FC156DB}"
EndProject
Project("{FAE04EC0-301F-11D3-BF4B-00C04F79EFBC}") = "CookBook", "CookBook\CookBook\CookBook.csproj", "{CB36F054-EFBF-4868-9F5E-1D76BD774947}"
EndProject
Global
	GlobalSection(SolutionConfigurationPlatforms) = preSolution
		Ad-Hoc|Any CPU = Ad-Hoc|Any CPU
		Ad-Hoc|ARM = Ad-Hoc|ARM
		Ad-Hoc|iPhone = Ad-Hoc|iPhone
		Ad-Hoc|iPhoneSimulator = Ad-Hoc|iPhoneSimulator
		Ad-Hoc|x64 = Ad-Hoc|x64
		Ad-Hoc|x86 = Ad-Hoc|x86
		AppStore|Any CPU = AppStore|Any CPU
		AppStore|ARM = AppStore|ARM
		AppStore|iPhone = AppStore|iPhone
		AppStore|iPhoneSimulator = AppStore|iPhoneSimulator
		AppStore|x64 = AppStore|x64
		AppStore|x86 = AppStore|x86
		Debug|Any CPU = Debug|Any CPU
		Debug|ARM = Debug|ARM
		Debug|iPhone = Debug|iPhone
		Debug|iPhoneSimulator = Debug|iPhoneSimulator
		Debug|x64 = Debug|x64
		Debug|x86 = Debug|x86
		Release|Any CPU = Release|Any CPU
		Release|ARM = Release|ARM
		Release|iPhone = Release|iPhone
		Release|iPhoneSimulator = Release|iPhoneSimulator
		Release|x64 = Release|x64
		Release|x86 = Release|x86
	EndGlobalSection
	GlobalSection(ProjectConfigurationPlatforms) = postSolution
		{18D70928-0AE9-47C2-95C2-E7E5E08BD9E1}.Ad-Hoc|Any CPU.ActiveCfg = Release|Any CPU
		{18D70928-0AE9-47C2-95C2-E7E5E08BD9E1}.Ad-Hoc|Any CPU.Build.0 = Release|Any CPU
		{18D70928-0AE9-47C2-95C2-E7E5E08BD9E1}.Ad-Hoc|Any CPU.Deploy.0 = Release|Any CPU
		{18D70928-0AE9-47C2-95C2-E7E5E08BD9E1}.Ad-Hoc|ARM.ActiveCfg = Release|Any CPU
		{18D70928-0AE9-47C2-95C2-E7E5E08BD9E1}.Ad-Hoc|ARM.Build.0 = Release|Any CPU
		{18D70928-0AE9-47C2-95C2-E7E5E08BD9E1}.Ad-Hoc|ARM.Deploy.0 = Release|Any CPU
		{18D70928-0AE9-47C2-95C2-E7E5E08BD9E1}.Ad-Hoc|iPhone.ActiveCfg = Release|Any CPU
		{18D70928-0AE9-47C2-95C2-E7E5E08BD9E1}.Ad-Hoc|iPhone.Build.0 = Release|Any CPU
		{18D70928-0AE9-47C2-95C2-E7E5E08BD9E1}.Ad-Hoc|iPhone.Deploy.0 = Release|Any CPU
		{18D70928-0AE9-47C2-95C2-E7E5E08BD9E1}.Ad-Hoc|iPhoneSimulator.ActiveCfg = Release|Any CPU
		{18D70928-0AE9-47C2-95C2-E7E5E08BD9E1}.Ad-Hoc|iPhoneSimulator.Build.0 = Release|Any CPU
		{18D70928-0AE9-47C2-95C2-E7E5E08BD9E1}.Ad-Hoc|iPhoneSimulator.Deploy.0 = Release|Any CPU
		{18D70928-0AE9-47C2-95C2-E7E5E08BD9E1}.Ad-Hoc|x64.ActiveCfg = Release|Any CPU
		{18D70928-0AE9-47C2-95C2-E7E5E08BD9E1}.Ad-Hoc|x64.Build.0 = Release|Any CPU
		{18D70928-0AE9-47C2-95C2-E7E5E08BD9E1}.Ad-Hoc|x64.Deploy.0 = Release|Any CPU
		{18D70928-0AE9-47C2-95C2-E7E5E08BD9E1}.Ad-Hoc|x86.ActiveCfg = Release|Any CPU
		{18D70928-0AE9-47C2-95C2-E7E5E08BD9E1}.Ad-Hoc|x86.Build.0 = Release|Any CPU
		{18D70928-0AE9-47C2-95C2-E7E5E08BD9E1}.Ad-Hoc|x86.Deploy.0 = Release|Any CPU
		{18D70928-0AE9-47C2-95C2-E7E5E08BD9E1}.AppStore|Any CPU.ActiveCfg = Release|Any CPU
		{18D70928-0AE9-47C2-95C2-E7E5E08BD9E1}.AppStore|Any CPU.Build.0 = Release|Any CPU
		{18D70928-0AE9-47C2-95C2-E7E5E08BD9E1}.AppStore|Any CPU.Deploy.0 = Release|Any CPU
		{18D70928-0AE9-47C2-95C2-E7E5E08BD9E1}.AppStore|ARM.ActiveCfg = Release|Any CPU
		{18D70928-0AE9-47C2-95C2-E7E5E08BD9E1}.AppStore|ARM.Build.0 = Release|Any CPU
		{18D70928-0AE9-47C2-95C2-E7E5E08BD9E1}.AppStore|ARM.Deploy.0 = Release|Any CPU
		{18D70928-0AE9-47C2-95C2-E7E5E08BD9E1}.AppStore|iPhone.ActiveCfg = Release|Any CPU
		{18D70928-0AE9-47C2-95C2-E7E5E08BD9E1}.AppStore|iPhone.Build.0 = Release|Any CPU
		{18D70928-0AE9-47C2-95C2-E7E5E08BD9E1}.AppStore|iPhone.Deploy.0 = Release|Any CPU
		{18D70928-0AE9-47C2-95C2-E7E5E08BD9E1}.AppStore|iPhoneSimulator.ActiveCfg = Release|Any CPU
		{18D70928-0AE9-47C2-95C2-E7E5E08BD9E1}.AppStore|iPhoneSimulator.Build.0 = Release|Any CPU
		{18D70928-0AE9-47C2-95C2-E7E5E08BD9E1}.AppStore|iPhoneSimulator.Deploy.0 = Release|Any CPU
		{18D70928-0AE9-47C2-95C2-E7E5E08BD9E1}.AppStore|x64.ActiveCfg = Release|Any CPU
		{18D70928-0AE9-47C2-95C2-E7E5E08BD9E1}.AppStore|x64.Build.0 = Release|Any CPU
		{18D70928-0AE9-47C2-95C2-E7E5E08BD9E1}.AppStore|x64.Deploy.0 = Release|Any CPU
		{18D70928-0AE9-47C2-95C2-E7E5E08BD9E1}.AppStore|x86.ActiveCfg = Release|Any CPU
		{18D70928-0AE9-47C2-95C2-E7E5E08BD9E1}.AppStore|x86.Build.0 = Release|Any CPU
		{18D70928-0AE9-47C2-95C2-E7E5E08BD9E1}.AppStore|x86.Deploy.0 = Release|Any CPU
		{18D70928-0AE9-47C2-95C2-E7E5E08BD9E1}.Debug|Any CPU.ActiveCfg = Debug|Any CPU
		{18D70928-0AE9-47C2-95C2-E7E5E08BD9E1}.Debug|Any CPU.Build.0 = Debug|Any CPU
		{18D70928-0AE9-47C2-95C2-E7E5E08BD9E1}.Debug|Any CPU.Deploy.0 = Debug|Any CPU
		{18D70928-0AE9-47C2-95C2-E7E5E08BD9E1}.Debug|ARM.ActiveCfg = Debug|Any CPU
		{18D70928-0AE9-47C2-95C2-E7E5E08BD9E1}.Debug|ARM.Build.0 = Debug|Any CPU
		{18D70928-0AE9-47C2-95C2-E7E5E08BD9E1}.Debug|ARM.Deploy.0 = Debug|Any CPU
		{18D70928-0AE9-47C2-95C2-E7E5E08BD9E1}.Debug|iPhone.ActiveCfg = Debug|Any CPU
		{18D70928-0AE9-47C2-95C2-E7E5E08BD9E1}.Debug|iPhone.Build.0 = Debug|Any CPU
		{18D70928-0AE9-47C2-95C2-E7E5E08BD9E1}.Debug|iPhone.Deploy.0 = Debug|Any CPU
		{18D70928-0AE9-47C2-95C2-E7E5E08BD9E1}.Debug|iPhoneSimulator.ActiveCfg = Debug|Any CPU
		{18D70928-0AE9-47C2-95C2-E7E5E08BD9E1}.Debug|iPhoneSimulator.Build.0 = Debug|Any CPU
		{18D70928-0AE9-47C2-95C2-E7E5E08BD9E1}.Debug|iPhoneSimulator.Deploy.0 = Debug|Any CPU
		{18D70928-0AE9-47C2-95C2-E7E5E08BD9E1}.Debug|x64.ActiveCfg = Debug|Any CPU
		{18D70928-0AE9-47C2-95C2-E7E5E08BD9E1}.Debug|x64.Build.0 = Debug|Any CPU
		{18D70928-0AE9-47C2-95C2-E7E5E08BD9E1}.Debug|x64.Deploy.0 = Debug|Any CPU
		{18D70928-0AE9-47C2-95C2-E7E5E08BD9E1}.Debug|x86.ActiveCfg = Debug|Any CPU
		{18D70928-0AE9-47C2-95C2-E7E5E08BD9E1}.Debug|x86.Build.0 = Debug|Any CPU
		{18D70928-0AE9-47C2-95C2-E7E5E08BD9E1}.Debug|x86.Deploy.0 = Debug|Any CPU
		{18D70928-0AE9-47C2-95C2-E7E5E08BD9E1}.Release|Any CPU.ActiveCfg = Release|Any CPU
		{18D70928-0AE9-47C2-95C2-E7E5E08BD9E1}.Release|Any CPU.Build.0 = Release|Any CPU
		{18D70928-0AE9-47C2-95C2-E7E5E08BD9E1}.Release|Any CPU.Deploy.0 = Release|Any CPU
		{18D70928-0AE9-47C2-95C2-E7E5E08BD9E1}.Release|ARM.ActiveCfg = Release|Any CPU
		{18D70928-0AE9-47C2-95C2-E7E5E08BD9E1}.Release|ARM.Build.0 = Release|Any CPU
		{18D70928-0AE9-47C2-95C2-E7E5E08BD9E1}.Release|ARM.Deploy.0 = Release|Any CPU
		{18D70928-0AE9-47C2-95C2-E7E5E08BD9E1}.Release|iPhone.ActiveCfg = Release|Any CPU
		{18D70928-0AE9-47C2-95C2-E7E5E08BD9E1}.Release|iPhone.Build.0 = Release|Any CPU
		{18D70928-0AE9-47C2-95C2-E7E5E08BD9E1}.Release|iPhone.Deploy.0 = Release|Any CPU
		{18D70928-0AE9-47C2-95C2-E7E5E08BD9E1}.Release|iPhoneSimulator.ActiveCfg = Release|Any CPU
		{18D70928-0AE9-47C2-95C2-E7E5E08BD9E1}.Release|iPhoneSimulator.Build.0 = Release|Any CPU
		{18D70928-0AE9-47C2-95C2-E7E5E08BD9E1}.Release|iPhoneSimulator.Deploy.0 = Release|Any CPU
		{18D70928-0AE9-47C2-95C2-E7E5E08BD9E1}.Release|x64.ActiveCfg = Release|Any CPU
		{18D70928-0AE9-47C2-95C2-E7E5E08BD9E1}.Release|x64.Build.0 = Release|Any CPU
		{18D70928-0AE9-47C2-95C2-E7E5E08BD9E1}.Release|x64.Deploy.0 = Release|Any CPU
		{18D70928-0AE9-47C2-95C2-E7E5E08BD9E1}.Release|x86.ActiveCfg = Release|Any CPU
		{18D70928-0AE9-47C2-95C2-E7E5E08BD9E1}.Release|x86.Build.0 = Release|Any CPU
		{18D70928-0AE9-47C2-95C2-E7E5E08BD9E1}.Release|x86.Deploy.0 = Release|Any CPU
		{BE883AB8-00C0-4900-94A0-07C5F17F4FC3}.Ad-Hoc|Any CPU.ActiveCfg = Ad-Hoc|iPhone
		{BE883AB8-00C0-4900-94A0-07C5F17F4FC3}.Ad-Hoc|ARM.ActiveCfg = Ad-Hoc|iPhone
		{BE883AB8-00C0-4900-94A0-07C5F17F4FC3}.Ad-Hoc|iPhone.ActiveCfg = Ad-Hoc|iPhone
		{BE883AB8-00C0-4900-94A0-07C5F17F4FC3}.Ad-Hoc|iPhone.Build.0 = Ad-Hoc|iPhone
		{BE883AB8-00C0-4900-94A0-07C5F17F4FC3}.Ad-Hoc|iPhoneSimulator.ActiveCfg = Ad-Hoc|iPhoneSimulator
		{BE883AB8-00C0-4900-94A0-07C5F17F4FC3}.Ad-Hoc|iPhoneSimulator.Build.0 = Ad-Hoc|iPhoneSimulator
		{BE883AB8-00C0-4900-94A0-07C5F17F4FC3}.Ad-Hoc|x64.ActiveCfg = Ad-Hoc|iPhone
		{BE883AB8-00C0-4900-94A0-07C5F17F4FC3}.Ad-Hoc|x86.ActiveCfg = Ad-Hoc|iPhone
		{BE883AB8-00C0-4900-94A0-07C5F17F4FC3}.AppStore|Any CPU.ActiveCfg = AppStore|iPhone
		{BE883AB8-00C0-4900-94A0-07C5F17F4FC3}.AppStore|ARM.ActiveCfg = AppStore|iPhone
		{BE883AB8-00C0-4900-94A0-07C5F17F4FC3}.AppStore|iPhone.ActiveCfg = AppStore|iPhone
		{BE883AB8-00C0-4900-94A0-07C5F17F4FC3}.AppStore|iPhone.Build.0 = AppStore|iPhone
		{BE883AB8-00C0-4900-94A0-07C5F17F4FC3}.AppStore|iPhoneSimulator.ActiveCfg = AppStore|iPhoneSimulator
		{BE883AB8-00C0-4900-94A0-07C5F17F4FC3}.AppStore|iPhoneSimulator.Build.0 = AppStore|iPhoneSimulator
		{BE883AB8-00C0-4900-94A0-07C5F17F4FC3}.AppStore|x64.ActiveCfg = AppStore|iPhone
		{BE883AB8-00C0-4900-94A0-07C5F17F4FC3}.AppStore|x86.ActiveCfg = AppStore|iPhone
		{BE883AB8-00C0-4900-94A0-07C5F17F4FC3}.Debug|Any CPU.ActiveCfg = Debug|iPhone
		{BE883AB8-00C0-4900-94A0-07C5F17F4FC3}.Debug|ARM.ActiveCfg = Debug|iPhone
		{BE883AB8-00C0-4900-94A0-07C5F17F4FC3}.Debug|iPhone.ActiveCfg = Debug|iPhone
		{BE883AB8-00C0-4900-94A0-07C5F17F4FC3}.Debug|iPhone.Build.0 = Debug|iPhone
		{BE883AB8-00C0-4900-94A0-07C5F17F4FC3}.Debug|iPhoneSimulator.ActiveCfg = Debug|iPhoneSimulator
		{BE883AB8-00C0-4900-94A0-07C5F17F4FC3}.Debug|iPhoneSimulator.Build.0 = Debug|iPhoneSimulator
		{BE883AB8-00C0-4900-94A0-07C5F17F4FC3}.Debug|x64.ActiveCfg = Debug|iPhone
		{BE883AB8-00C0-4900-94A0-07C5F17F4FC3}.Debug|x86.ActiveCfg = Debug|iPhone
		{BE883AB8-00C0-4900-94A0-07C5F17F4FC3}.Release|Any CPU.ActiveCfg = Release|iPhone
		{BE883AB8-00C0-4900-94A0-07C5F17F4FC3}.Release|ARM.ActiveCfg = Release|iPhone
		{BE883AB8-00C0-4900-94A0-07C5F17F4FC3}.Release|iPhone.ActiveCfg = Release|iPhone
		{BE883AB8-00C0-4900-94A0-07C5F17F4FC3}.Release|iPhone.Build.0 = Release|iPhone
		{BE883AB8-00C0-4900-94A0-07C5F17F4FC3}.Release|iPhoneSimulator.ActiveCfg = Release|iPhoneSimulator
		{BE883AB8-00C0-4900-94A0-07C5F17F4FC3}.Release|iPhoneSimulator.Build.0 = Release|iPhoneSimulator
		{BE883AB8-00C0-4900-94A0-07C5F17F4FC3}.Release|x64.ActiveCfg = Release|iPhone
		{BE883AB8-00C0-4900-94A0-07C5F17F4FC3}.Release|x86.ActiveCfg = Release|iPhone
		{416B9D44-4973-43F6-80E8-DF5A3FC156DB}.Ad-Hoc|Any CPU.ActiveCfg = Release|x86
		{416B9D44-4973-43F6-80E8-DF5A3FC156DB}.Ad-Hoc|Any CPU.Build.0 = Release|x86
		{416B9D44-4973-43F6-80E8-DF5A3FC156DB}.Ad-Hoc|Any CPU.Deploy.0 = Release|x86
		{416B9D44-4973-43F6-80E8-DF5A3FC156DB}.Ad-Hoc|ARM.ActiveCfg = Release|ARM
		{416B9D44-4973-43F6-80E8-DF5A3FC156DB}.Ad-Hoc|ARM.Build.0 = Release|ARM
		{416B9D44-4973-43F6-80E8-DF5A3FC156DB}.Ad-Hoc|ARM.Deploy.0 = Release|ARM
		{416B9D44-4973-43F6-80E8-DF5A3FC156DB}.Ad-Hoc|iPhone.ActiveCfg = Release|x86
		{416B9D44-4973-43F6-80E8-DF5A3FC156DB}.Ad-Hoc|iPhone.Build.0 = Release|x86
		{416B9D44-4973-43F6-80E8-DF5A3FC156DB}.Ad-Hoc|iPhone.Deploy.0 = Release|x86
		{416B9D44-4973-43F6-80E8-DF5A3FC156DB}.Ad-Hoc|iPhoneSimulator.ActiveCfg = Release|x86
		{416B9D44-4973-43F6-80E8-DF5A3FC156DB}.Ad-Hoc|iPhoneSimulator.Build.0 = Release|x86
		{416B9D44-4973-43F6-80E8-DF5A3FC156DB}.Ad-Hoc|iPhoneSimulator.Deploy.0 = Release|x86
		{416B9D44-4973-43F6-80E8-DF5A3FC156DB}.Ad-Hoc|x64.ActiveCfg = Release|x64
		{416B9D44-4973-43F6-80E8-DF5A3FC156DB}.Ad-Hoc|x64.Build.0 = Release|x64
		{416B9D44-4973-43F6-80E8-DF5A3FC156DB}.Ad-Hoc|x64.Deploy.0 = Release|x64
		{416B9D44-4973-43F6-80E8-DF5A3FC156DB}.Ad-Hoc|x86.ActiveCfg = Release|x86
		{416B9D44-4973-43F6-80E8-DF5A3FC156DB}.Ad-Hoc|x86.Build.0 = Release|x86
		{416B9D44-4973-43F6-80E8-DF5A3FC156DB}.Ad-Hoc|x86.Deploy.0 = Release|x86
		{416B9D44-4973-43F6-80E8-DF5A3FC156DB}.AppStore|Any CPU.ActiveCfg = Release|x86
		{416B9D44-4973-43F6-80E8-DF5A3FC156DB}.AppStore|Any CPU.Build.0 = Release|x86
		{416B9D44-4973-43F6-80E8-DF5A3FC156DB}.AppStore|Any CPU.Deploy.0 = Release|x86
		{416B9D44-4973-43F6-80E8-DF5A3FC156DB}.AppStore|ARM.ActiveCfg = Release|ARM
		{416B9D44-4973-43F6-80E8-DF5A3FC156DB}.AppStore|ARM.Build.0 = Release|ARM
		{416B9D44-4973-43F6-80E8-DF5A3FC156DB}.AppStore|ARM.Deploy.0 = Release|ARM
		{416B9D44-4973-43F6-80E8-DF5A3FC156DB}.AppStore|iPhone.ActiveCfg = Release|x86
		{416B9D44-4973-43F6-80E8-DF5A3FC156DB}.AppStore|iPhone.Build.0 = Release|x86
		{416B9D44-4973-43F6-80E8-DF5A3FC156DB}.AppStore|iPhone.Deploy.0 = Release|x86
		{416B9D44-4973-43F6-80E8-DF5A3FC156DB}.AppStore|iPhoneSimulator.ActiveCfg = Release|x86
		{416B9D44-4973-43F6-80E8-DF5A3FC156DB}.AppStore|iPhoneSimulator.Build.0 = Release|x86
		{416B9D44-4973-43F6-80E8-DF5A3FC156DB}.AppStore|iPhoneSimulator.Deploy.0 = Release|x86
		{416B9D44-4973-43F6-80E8-DF5A3FC156DB}.AppStore|x64.ActiveCfg = Release|x64
		{416B9D44-4973-43F6-80E8-DF5A3FC156DB}.AppStore|x64.Build.0 = Release|x64
		{416B9D44-4973-43F6-80E8-DF5A3FC156DB}.AppStore|x64.Deploy.0 = Release|x64
		{416B9D44-4973-43F6-80E8-DF5A3FC156DB}.AppStore|x86.ActiveCfg = Release|x86
		{416B9D44-4973-43F6-80E8-DF5A3FC156DB}.AppStore|x86.Build.0 = Release|x86
		{416B9D44-4973-43F6-80E8-DF5A3FC156DB}.AppStore|x86.Deploy.0 = Release|x86
		{416B9D44-4973-43F6-80E8-DF5A3FC156DB}.Debug|Any CPU.ActiveCfg = Debug|x86
		{416B9D44-4973-43F6-80E8-DF5A3FC156DB}.Debug|ARM.ActiveCfg = Debug|ARM
		{416B9D44-4973-43F6-80E8-DF5A3FC156DB}.Debug|ARM.Build.0 = Debug|ARM
		{416B9D44-4973-43F6-80E8-DF5A3FC156DB}.Debug|ARM.Deploy.0 = Debug|ARM
		{416B9D44-4973-43F6-80E8-DF5A3FC156DB}.Debug|iPhone.ActiveCfg = Debug|x86
		{416B9D44-4973-43F6-80E8-DF5A3FC156DB}.Debug|iPhoneSimulator.ActiveCfg = Debug|x86
		{416B9D44-4973-43F6-80E8-DF5A3FC156DB}.Debug|x64.ActiveCfg = Debug|x64
		{416B9D44-4973-43F6-80E8-DF5A3FC156DB}.Debug|x64.Build.0 = Debug|x64
		{416B9D44-4973-43F6-80E8-DF5A3FC156DB}.Debug|x64.Deploy.0 = Debug|x64
		{416B9D44-4973-43F6-80E8-DF5A3FC156DB}.Debug|x86.ActiveCfg = Debug|x86
		{416B9D44-4973-43F6-80E8-DF5A3FC156DB}.Debug|x86.Build.0 = Debug|x86
		{416B9D44-4973-43F6-80E8-DF5A3FC156DB}.Debug|x86.Deploy.0 = Debug|x86
		{416B9D44-4973-43F6-80E8-DF5A3FC156DB}.Release|Any CPU.ActiveCfg = Release|x86
		{416B9D44-4973-43F6-80E8-DF5A3FC156DB}.Release|ARM.ActiveCfg = Release|ARM
		{416B9D44-4973-43F6-80E8-DF5A3FC156DB}.Release|ARM.Build.0 = Release|ARM
		{416B9D44-4973-43F6-80E8-DF5A3FC156DB}.Release|ARM.Deploy.0 = Release|ARM
		{416B9D44-4973-43F6-80E8-DF5A3FC156DB}.Release|iPhone.ActiveCfg = Release|x86
		{416B9D44-4973-43F6-80E8-DF5A3FC156DB}.Release|iPhoneSimulator.ActiveCfg = Release|x86
		{416B9D44-4973-43F6-80E8-DF5A3FC156DB}.Release|x64.ActiveCfg = Release|x64
		{416B9D44-4973-43F6-80E8-DF5A3FC156DB}.Release|x64.Build.0 = Release|x64
		{416B9D44-4973-43F6-80E8-DF5A3FC156DB}.Release|x64.Deploy.0 = Release|x64
		{416B9D44-4973-43F6-80E8-DF5A3FC156DB}.Release|x86.ActiveCfg = Release|x86
		{416B9D44-4973-43F6-80E8-DF5A3FC156DB}.Release|x86.Build.0 = Release|x86
		{416B9D44-4973-43F6-80E8-DF5A3FC156DB}.Release|x86.Deploy.0 = Release|x86
		{CB36F054-EFBF-4868-9F5E-1D76BD774947}.Ad-Hoc|Any CPU.ActiveCfg = Debug|Any CPU
		{CB36F054-EFBF-4868-9F5E-1D76BD774947}.Ad-Hoc|Any CPU.Build.0 = Debug|Any CPU
		{CB36F054-EFBF-4868-9F5E-1D76BD774947}.Ad-Hoc|ARM.ActiveCfg = Debug|Any CPU
		{CB36F054-EFBF-4868-9F5E-1D76BD774947}.Ad-Hoc|ARM.Build.0 = Debug|Any CPU
		{CB36F054-EFBF-4868-9F5E-1D76BD774947}.Ad-Hoc|iPhone.ActiveCfg = Debug|Any CPU
		{CB36F054-EFBF-4868-9F5E-1D76BD774947}.Ad-Hoc|iPhone.Build.0 = Debug|Any CPU
		{CB36F054-EFBF-4868-9F5E-1D76BD774947}.Ad-Hoc|iPhoneSimulator.ActiveCfg = Debug|Any CPU
		{CB36F054-EFBF-4868-9F5E-1D76BD774947}.Ad-Hoc|iPhoneSimulator.Build.0 = Debug|Any CPU
		{CB36F054-EFBF-4868-9F5E-1D76BD774947}.Ad-Hoc|x64.ActiveCfg = Debug|Any CPU
		{CB36F054-EFBF-4868-9F5E-1D76BD774947}.Ad-Hoc|x64.Build.0 = Debug|Any CPU
		{CB36F054-EFBF-4868-9F5E-1D76BD774947}.Ad-Hoc|x86.ActiveCfg = Debug|Any CPU
		{CB36F054-EFBF-4868-9F5E-1D76BD774947}.Ad-Hoc|x86.Build.0 = Debug|Any CPU
		{CB36F054-EFBF-4868-9F5E-1D76BD774947}.AppStore|Any CPU.ActiveCfg = Debug|Any CPU
		{CB36F054-EFBF-4868-9F5E-1D76BD774947}.AppStore|Any CPU.Build.0 = Debug|Any CPU
		{CB36F054-EFBF-4868-9F5E-1D76BD774947}.AppStore|ARM.ActiveCfg = Debug|Any CPU
		{CB36F054-EFBF-4868-9F5E-1D76BD774947}.AppStore|ARM.Build.0 = Debug|Any CPU
		{CB36F054-EFBF-4868-9F5E-1D76BD774947}.AppStore|iPhone.ActiveCfg = Debug|Any CPU
		{CB36F054-EFBF-4868-9F5E-1D76BD774947}.AppStore|iPhone.Build.0 = Debug|Any CPU
		{CB36F054-EFBF-4868-9F5E-1D76BD774947}.AppStore|iPhoneSimulator.ActiveCfg = Debug|Any CPU
		{CB36F054-EFBF-4868-9F5E-1D76BD774947}.AppStore|iPhoneSimulator.Build.0 = Debug|Any CPU
		{CB36F054-EFBF-4868-9F5E-1D76BD774947}.AppStore|x64.ActiveCfg = Debug|Any CPU
		{CB36F054-EFBF-4868-9F5E-1D76BD774947}.AppStore|x64.Build.0 = Debug|Any CPU
		{CB36F054-EFBF-4868-9F5E-1D76BD774947}.AppStore|x86.ActiveCfg = Debug|Any CPU
		{CB36F054-EFBF-4868-9F5E-1D76BD774947}.AppStore|x86.Build.0 = Debug|Any CPU
		{CB36F054-EFBF-4868-9F5E-1D76BD774947}.Debug|Any CPU.ActiveCfg = Debug|Any CPU
		{CB36F054-EFBF-4868-9F5E-1D76BD774947}.Debug|Any CPU.Build.0 = Debug|Any CPU
		{CB36F054-EFBF-4868-9F5E-1D76BD774947}.Debug|ARM.ActiveCfg = Debug|Any CPU
		{CB36F054-EFBF-4868-9F5E-1D76BD774947}.Debug|ARM.Build.0 = Debug|Any CPU
		{CB36F054-EFBF-4868-9F5E-1D76BD774947}.Debug|iPhone.ActiveCfg = Debug|Any CPU
		{CB36F054-EFBF-4868-9F5E-1D76BD774947}.Debug|iPhone.Build.0 = Debug|Any CPU
		{CB36F054-EFBF-4868-9F5E-1D76BD774947}.Debug|iPhoneSimulator.ActiveCfg = Debug|Any CPU
		{CB36F054-EFBF-4868-9F5E-1D76BD774947}.Debug|iPhoneSimulator.Build.0 = Debug|Any CPU
		{CB36F054-EFBF-4868-9F5E-1D76BD774947}.Debug|x64.ActiveCfg = Debug|Any CPU
		{CB36F054-EFBF-4868-9F5E-1D76BD774947}.Debug|x64.Build.0 = Debug|Any CPU
		{CB36F054-EFBF-4868-9F5E-1D76BD774947}.Debug|x86.ActiveCfg = Debug|Any CPU
		{CB36F054-EFBF-4868-9F5E-1D76BD774947}.Debug|x86.Build.0 = Debug|Any CPU
		{CB36F054-EFBF-4868-9F5E-1D76BD774947}.Release|Any CPU.ActiveCfg = Release|Any CPU
		{CB36F054-EFBF-4868-9F5E-1D76BD774947}.Release|Any CPU.Build.0 = Release|Any CPU
		{CB36F054-EFBF-4868-9F5E-1D76BD774947}.Release|ARM.ActiveCfg = Release|Any CPU
		{CB36F054-EFBF-4868-9F5E-1D76BD774947}.Release|ARM.Build.0 = Release|Any CPU
		{CB36F054-EFBF-4868-9F5E-1D76BD774947}.Release|iPhone.ActiveCfg = Release|Any CPU
		{CB36F054-EFBF-4868-9F5E-1D76BD774947}.Release|iPhone.Build.0 = Release|Any CPU
		{CB36F054-EFBF-4868-9F5E-1D76BD774947}.Release|iPhoneSimulator.ActiveCfg = Release|Any CPU
		{CB36F054-EFBF-4868-9F5E-1D76BD774947}.Release|iPhoneSimulator.Build.0 = Release|Any CPU
		{CB36F054-EFBF-4868-9F5E-1D76BD774947}.Release|x64.ActiveCfg = Release|Any CPU
		{CB36F054-EFBF-4868-9F5E-1D76BD774947}.Release|x64.Build.0 = Release|Any CPU
		{CB36F054-EFBF-4868-9F5E-1D76BD774947}.Release|x86.ActiveCfg = Release|Any CPU
		{CB36F054-EFBF-4868-9F5E-1D76BD774947}.Release|x86.Build.0 = Release|Any CPU
	EndGlobalSection
	GlobalSection(SolutionProperties) = preSolution
		HideSolutionNode = FALSE
	EndGlobalSection
	GlobalSection(ExtensibilityGlobals) = postSolution
		SolutionGuid = {9C017424-E639-4B99-B827-544323E3E36E}
	EndGlobalSection
EndGlobal
